
Microsoft Visual Studio Solution File, Format Version 12.00
# Visual Studio Version 16
VisualStudioVersion = 16.0.31729.503
MinimumVisualStudioVersion = 10.0.40219.1
Project("{FAE04EC0-301F-11D3-BF4B-00C04F79EFBC}") = "PaymentGateway", "PaymentGateway\PaymentGateway.csproj", "{DCD6DBF2-FDA4-4C45-B993-26CE7AF877CA}"
EndProject
Project("{FAE04EC0-301F-11D3-BF4B-00C04F79EFBC}") = "PaymentGatewayTests", "PaymentGatewayTests\PaymentGatewayTests.csproj", "{F5D3DD5E-5734-465B-9573-75CE3E7285A0}"
EndProject
Global
	GlobalSection(SolutionConfigurationPlatforms) = preSolution
		Debug|Any CPU = Debug|Any CPU
		Release|Any CPU = Release|Any CPU
	EndGlobalSection
	GlobalSection(ProjectConfigurationPlatforms) = postSolution
		{DCD6DBF2-FDA4-4C45-B993-26CE7AF877CA}.Debug|Any CPU.ActiveCfg = Debug|Any CPU
		{DCD6DBF2-FDA4-4C45-B993-26CE7AF877CA}.Debug|Any CPU.Build.0 = Debug|Any CPU
		{DCD6DBF2-FDA4-4C45-B993-26CE7AF877CA}.Release|Any CPU.ActiveCfg = Release|Any CPU
		{DCD6DBF2-FDA4-4C45-B993-26CE7AF877CA}.Release|Any CPU.Build.0 = Release|Any CPU
		{F5D3DD5E-5734-465B-9573-75CE3E7285A0}.Debug|Any CPU.ActiveCfg = Debug|Any CPU
		{F5D3DD5E-5734-465B-9573-75CE3E7285A0}.Debug|Any CPU.Build.0 = Debug|Any CPU
		{F5D3DD5E-5734-465B-9573-75CE3E7285A0}.Release|Any CPU.ActiveCfg = Release|Any CPU
		{F5D3DD5E-5734-465B-9573-75CE3E7285A0}.Release|Any CPU.Build.0 = Release|Any CPU
	EndGlobalSection
	GlobalSection(SolutionProperties) = preSolution
		HideSolutionNode = FALSE
	EndGlobalSection
	GlobalSection(ExtensibilityGlobals) = postSolution
		SolutionGuid = {B229C2B1-C56C-4A77-A3A5-2F8D5D0827D2}
	EndGlobalSection
EndGlobal
